// !$*UTF8*$!
{
	archiveVersion = 1;
	classes = {
	};
	objectVersion = 50;
	objects = {

/* Begin PBXBuildFile section */
		0A4D627F260754FC00723168 /* ARViewController.swift in Sources */ = {isa = PBXBuildFile; fileRef = 0A4D627E260754FC00723168 /* ARViewController.swift */; };
		0A7154C02605B5F3009A5C5F /* AppDelegate.swift in Sources */ = {isa = PBXBuildFile; fileRef = 0A7154BF2605B5F3009A5C5F /* AppDelegate.swift */; };
		0A7154C22605B5F3009A5C5F /* SceneDelegate.swift in Sources */ = {isa = PBXBuildFile; fileRef = 0A7154C12605B5F3009A5C5F /* SceneDelegate.swift */; };
		0A7154C42605B5F3009A5C5F /* ViewController.swift in Sources */ = {isa = PBXBuildFile; fileRef = 0A7154C32605B5F3009A5C5F /* ViewController.swift */; };
		0A7154C72605B5F3009A5C5F /* Main.storyboard in Resources */ = {isa = PBXBuildFile; fileRef = 0A7154C52605B5F3009A5C5F /* Main.storyboard */; };
		0A7154C92605B5F6009A5C5F /* Assets.xcassets in Resources */ = {isa = PBXBuildFile; fileRef = 0A7154C82605B5F6009A5C5F /* Assets.xcassets */; };
		0A7154CC2605B5F6009A5C5F /* LaunchScreen.storyboard in Resources */ = {isa = PBXBuildFile; fileRef = 0A7154CA2605B5F6009A5C5F /* LaunchScreen.storyboard */; };
		0A9A08B42607588500CDDC78 /* GothamLight.ttf in Resources */ = {isa = PBXBuildFile; fileRef = 0A9A08A12607588200CDDC78 /* GothamLight.ttf */; };
		0A9A08B52607588500CDDC78 /* GothamMediumItalic.ttf in Resources */ = {isa = PBXBuildFile; fileRef = 0A9A08A22607588200CDDC78 /* GothamMediumItalic.ttf */; };
		0A9A08B62607588500CDDC78 /* Gotham-Thin.otf in Resources */ = {isa = PBXBuildFile; fileRef = 0A9A08A32607588200CDDC78 /* Gotham-Thin.otf */; };
		0A9A08B72607588500CDDC78 /* freefontsfamily.com.txt in Resources */ = {isa = PBXBuildFile; fileRef = 0A9A08A42607588200CDDC78 /* freefontsfamily.com.txt */; };
		0A9A08B82607588500CDDC78 /* Gotham-XLightItalic.otf in Resources */ = {isa = PBXBuildFile; fileRef = 0A9A08A52607588200CDDC78 /* Gotham-XLightItalic.otf */; };
		0A9A08B92607588500CDDC78 /* GothamBoldItalic.ttf in Resources */ = {isa = PBXBuildFile; fileRef = 0A9A08A62607588200CDDC78 /* GothamBoldItalic.ttf */; };
		0A9A08BA2607588500CDDC78 /* GothamBook.ttf in Resources */ = {isa = PBXBuildFile; fileRef = 0A9A08A72607588300CDDC78 /* GothamBook.ttf */; };
		0A9A08BB2607588500CDDC78 /* Gotham-ThinItalic.otf in Resources */ = {isa = PBXBuildFile; fileRef = 0A9A08A82607588300CDDC78 /* Gotham-ThinItalic.otf */; };
		0A9A08BC2607588500CDDC78 /* GothamMedium_1.ttf in Resources */ = {isa = PBXBuildFile; fileRef = 0A9A08A92607588300CDDC78 /* GothamMedium_1.ttf */; };
		0A9A08BD2607588500CDDC78 /* Gotham-Light.otf in Resources */ = {isa = PBXBuildFile; fileRef = 0A9A08AA2607588300CDDC78 /* Gotham-Light.otf */; };
		0A9A08BE2607588500CDDC78 /* GothamBold.ttf in Resources */ = {isa = PBXBuildFile; fileRef = 0A9A08AB2607588300CDDC78 /* GothamBold.ttf */; };
		0A9A08BF2607588500CDDC78 /* Gotham-UltraItalic.otf in Resources */ = {isa = PBXBuildFile; fileRef = 0A9A08AC2607588300CDDC78 /* Gotham-UltraItalic.otf */; };
		0A9A08C02607588500CDDC78 /* Gotham-Bold.otf in Resources */ = {isa = PBXBuildFile; fileRef = 0A9A08AD2607588300CDDC78 /* Gotham-Bold.otf */; };
		0A9A08C12607588500CDDC78 /* GothamLightItalic.ttf in Resources */ = {isa = PBXBuildFile; fileRef = 0A9A08AE2607588400CDDC78 /* GothamLightItalic.ttf */; };
		0A9A08C22607588500CDDC78 /* Gotham-BookItalic.otf in Resources */ = {isa = PBXBuildFile; fileRef = 0A9A08AF2607588400CDDC78 /* Gotham-BookItalic.otf */; };
		0A9A08C32607588500CDDC78 /* Gotham-XLight.otf in Resources */ = {isa = PBXBuildFile; fileRef = 0A9A08B02607588400CDDC78 /* Gotham-XLight.otf */; };
		0A9A08C42607588500CDDC78 /* Gotham-Black.otf in Resources */ = {isa = PBXBuildFile; fileRef = 0A9A08B12607588400CDDC78 /* Gotham-Black.otf */; };
		0A9A08C52607588500CDDC78 /* GothamMedium.ttf in Resources */ = {isa = PBXBuildFile; fileRef = 0A9A08B22607588400CDDC78 /* GothamMedium.ttf */; };
		0A9A08C62607588500CDDC78 /* GothamBookItalic.ttf in Resources */ = {isa = PBXBuildFile; fileRef = 0A9A08B32607588500CDDC78 /* GothamBookItalic.ttf */; };
		0A9A08C9260758EF00CDDC78 /* robot.usdz in Resources */ = {isa = PBXBuildFile; fileRef = 0A9A08C8260758EF00CDDC78 /* robot.usdz */; };
		0AB6B3F526075AE1004BDE6E /* correct.wav in Resources */ = {isa = PBXBuildFile; fileRef = 0AB6B3F426075AE1004BDE6E /* correct.wav */; };
		0AB6B3F826075AF3004BDE6E /* wrong.wav in Resources */ = {isa = PBXBuildFile; fileRef = 0AB6B3F726075AF3004BDE6E /* wrong.wav */; };
		0ABAD3402607612E00F5CCFA /* StatViewController.swift in Sources */ = {isa = PBXBuildFile; fileRef = 0ABAD33F2607612E00F5CCFA /* StatViewController.swift */; };
		0AC4F66C2605EA9F00486276 /* SelectViewController.swift in Sources */ = {isa = PBXBuildFile; fileRef = 0AC4F66B2605EA9F00486276 /* SelectViewController.swift */; };
		0AC4F66F26067B2200486276 /* Select2ViewController.swift in Sources */ = {isa = PBXBuildFile; fileRef = 0AC4F66E26067B2200486276 /* Select2ViewController.swift */; };
		0AC4F67226067DC600486276 /* LoginViewController.swift in Sources */ = {isa = PBXBuildFile; fileRef = 0AC4F67126067DC600486276 /* LoginViewController.swift */; };
		0ADBFB592605E101008DAA62 /* InfoViewController.swift in Sources */ = {isa = PBXBuildFile; fileRef = 0ADBFB582605E101008DAA62 /* InfoViewController.swift */; };
/* End PBXBuildFile section */

/* Begin PBXFileReference section */
		0A4D627E260754FC00723168 /* ARViewController.swift */ = {isa = PBXFileReference; lastKnownFileType = sourcecode.swift; path = ARViewController.swift; sourceTree = "<group>"; };
		0A7154BC2605B5F3009A5C5F /* Workouts.app */ = {isa = PBXFileReference; explicitFileType = wrapper.application; includeInIndex = 0; path = Workouts.app; sourceTree = BUILT_PRODUCTS_DIR; };
		0A7154BF2605B5F3009A5C5F /* AppDelegate.swift */ = {isa = PBXFileReference; lastKnownFileType = sourcecode.swift; path = AppDelegate.swift; sourceTree = "<group>"; };
		0A7154C12605B5F3009A5C5F /* SceneDelegate.swift */ = {isa = PBXFileReference; lastKnownFileType = sourcecode.swift; path = SceneDelegate.swift; sourceTree = "<group>"; };
		0A7154C32605B5F3009A5C5F /* ViewController.swift */ = {isa = PBXFileReference; lastKnownFileType = sourcecode.swift; path = ViewController.swift; sourceTree = "<group>"; };
		0A7154C62605B5F3009A5C5F /* Base */ = {isa = PBXFileReference; lastKnownFileType = file.storyboard; name = Base; path = Base.lproj/Main.storyboard; sourceTree = "<group>"; };
		0A7154C82605B5F6009A5C5F /* Assets.xcassets */ = {isa = PBXFileReference; lastKnownFileType = folder.assetcatalog; path = Assets.xcassets; sourceTree = "<group>"; };
		0A7154CB2605B5F6009A5C5F /* Base */ = {isa = PBXFileReference; lastKnownFileType = file.storyboard; name = Base; path = Base.lproj/LaunchScreen.storyboard; sourceTree = "<group>"; };
		0A7154CD2605B5F6009A5C5F /* Info.plist */ = {isa = PBXFileReference; lastKnownFileType = text.plist.xml; path = Info.plist; sourceTree = "<group>"; };
		0A9A08A12607588200CDDC78 /* GothamLight.ttf */ = {isa = PBXFileReference; lastKnownFileType = file; path = GothamLight.ttf; sourceTree = "<group>"; };
		0A9A08A22607588200CDDC78 /* GothamMediumItalic.ttf */ = {isa = PBXFileReference; lastKnownFileType = file; path = GothamMediumItalic.ttf; sourceTree = "<group>"; };
		0A9A08A32607588200CDDC78 /* Gotham-Thin.otf */ = {isa = PBXFileReference; lastKnownFileType = file; path = "Gotham-Thin.otf"; sourceTree = "<group>"; };
		0A9A08A42607588200CDDC78 /* freefontsfamily.com.txt */ = {isa = PBXFileReference; fileEncoding = 4; lastKnownFileType = text; path = freefontsfamily.com.txt; sourceTree = "<group>"; };
		0A9A08A52607588200CDDC78 /* Gotham-XLightItalic.otf */ = {isa = PBXFileReference; lastKnownFileType = file; path = "Gotham-XLightItalic.otf"; sourceTree = "<group>"; };
		0A9A08A62607588200CDDC78 /* GothamBoldItalic.ttf */ = {isa = PBXFileReference; lastKnownFileType = file; path = GothamBoldItalic.ttf; sourceTree = "<group>"; };
		0A9A08A72607588300CDDC78 /* GothamBook.ttf */ = {isa = PBXFileReference; lastKnownFileType = file; path = GothamBook.ttf; sourceTree = "<group>"; };
		0A9A08A82607588300CDDC78 /* Gotham-ThinItalic.otf */ = {isa = PBXFileReference; lastKnownFileType = file; path = "Gotham-ThinItalic.otf"; sourceTree = "<group>"; };
		0A9A08A92607588300CDDC78 /* GothamMedium_1.ttf */ = {isa = PBXFileReference; lastKnownFileType = file; path = GothamMedium_1.ttf; sourceTree = "<group>"; };
		0A9A08AA2607588300CDDC78 /* Gotham-Light.otf */ = {isa = PBXFileReference; lastKnownFileType = file; path = "Gotham-Light.otf"; sourceTree = "<group>"; };
		0A9A08AB2607588300CDDC78 /* GothamBold.ttf */ = {isa = PBXFileReference; lastKnownFileType = file; path = GothamBold.ttf; sourceTree = "<group>"; };
		0A9A08AC2607588300CDDC78 /* Gotham-UltraItalic.otf */ = {isa = PBXFileReference; lastKnownFileType = file; path = "Gotham-UltraItalic.otf"; sourceTree = "<group>"; };
		0A9A08AD2607588300CDDC78 /* Gotham-Bold.otf */ = {isa = PBXFileReference; lastKnownFileType = file; path = "Gotham-Bold.otf"; sourceTree = "<group>"; };
		0A9A08AE2607588400CDDC78 /* GothamLightItalic.ttf */ = {isa = PBXFileReference; lastKnownFileType = file; path = GothamLightItalic.ttf; sourceTree = "<group>"; };
		0A9A08AF2607588400CDDC78 /* Gotham-BookItalic.otf */ = {isa = PBXFileReference; lastKnownFileType = file; path = "Gotham-BookItalic.otf"; sourceTree = "<group>"; };
		0A9A08B02607588400CDDC78 /* Gotham-XLight.otf */ = {isa = PBXFileReference; lastKnownFileType = file; path = "Gotham-XLight.otf"; sourceTree = "<group>"; };
		0A9A08B12607588400CDDC78 /* Gotham-Black.otf */ = {isa = PBXFileReference; lastKnownFileType = file; path = "Gotham-Black.otf"; sourceTree = "<group>"; };
		0A9A08B22607588400CDDC78 /* GothamMedium.ttf */ = {isa = PBXFileReference; lastKnownFileType = file; path = GothamMedium.ttf; sourceTree = "<group>"; };
		0A9A08B32607588500CDDC78 /* GothamBookItalic.ttf */ = {isa = PBXFileReference; lastKnownFileType = file; path = GothamBookItalic.ttf; sourceTree = "<group>"; };
		0A9A08C8260758EF00CDDC78 /* robot.usdz */ = {isa = PBXFileReference; lastKnownFileType = file.usdz; path = robot.usdz; sourceTree = "<group>"; };
		0AB6B3F426075AE1004BDE6E /* correct.wav */ = {isa = PBXFileReference; lastKnownFileType = audio.wav; path = correct.wav; sourceTree = "<group>"; };
		0AB6B3F726075AF3004BDE6E /* wrong.wav */ = {isa = PBXFileReference; lastKnownFileType = audio.wav; path = wrong.wav; sourceTree = "<group>"; };
		0ABAD33F2607612E00F5CCFA /* StatViewController.swift */ = {isa = PBXFileReference; lastKnownFileType = sourcecode.swift; path = StatViewController.swift; sourceTree = "<group>"; };
		0AC4F66B2605EA9F00486276 /* SelectViewController.swift */ = {isa = PBXFileReference; lastKnownFileType = sourcecode.swift; path = SelectViewController.swift; sourceTree = "<group>"; };
		0AC4F66E26067B2200486276 /* Select2ViewController.swift */ = {isa = PBXFileReference; lastKnownFileType = sourcecode.swift; path = Select2ViewController.swift; sourceTree = "<group>"; };
		0AC4F67126067DC600486276 /* LoginViewController.swift */ = {isa = PBXFileReference; lastKnownFileType = sourcecode.swift; path = LoginViewController.swift; sourceTree = "<group>"; };
		0ADBFB582605E101008DAA62 /* InfoViewController.swift */ = {isa = PBXFileReference; lastKnownFileType = sourcecode.swift; path = InfoViewController.swift; sourceTree = "<group>"; };
/* End PBXFileReference section */

/* Begin PBXFrameworksBuildPhase section */
		0A7154B92605B5F3009A5C5F /* Frameworks */ = {
			isa = PBXFrameworksBuildPhase;
			buildActionMask = 2147483647;
			files = (
			);
			runOnlyForDeploymentPostprocessing = 0;
		};
/* End PBXFrameworksBuildPhase section */

/* Begin PBXGroup section */
		0A4D627A2607525E00723168 /* character */ = {
			isa = PBXGroup;
			children = (
			);
			path = character;
			sourceTree = "<group>";
		};
		0A7154B32605B5F3009A5C5F = {
			isa = PBXGroup;
			children = (
				0A7154BE2605B5F3009A5C5F /* Workouts */,
				0A7154BD2605B5F3009A5C5F /* Products */,
			);
			sourceTree = "<group>";
		};
		0A7154BD2605B5F3009A5C5F /* Products */ = {
			isa = PBXGroup;
			children = (
				0A7154BC2605B5F3009A5C5F /* Workouts.app */,
			);
			name = Products;
			sourceTree = "<group>";
		};
		0A7154BE2605B5F3009A5C5F /* Workouts */ = {
			isa = PBXGroup;
			children = (
				0AB6B3F726075AF3004BDE6E /* wrong.wav */,
				0AB6B3F426075AE1004BDE6E /* correct.wav */,
				0A9A08C8260758EF00CDDC78 /* robot.usdz */,
				0A4D627A2607525E00723168 /* character */,
				0A7154BF2605B5F3009A5C5F /* AppDelegate.swift */,
				0A7154C12605B5F3009A5C5F /* SceneDelegate.swift */,
				0AC4F6742606B77E00486276 /* Fonts */,
				0ADBFB5B2605E10B008DAA62 /* Controllers */,
				0A7154C52605B5F3009A5C5F /* Main.storyboard */,
				0A7154C82605B5F6009A5C5F /* Assets.xcassets */,
				0A7154CA2605B5F6009A5C5F /* LaunchScreen.storyboard */,
				0A7154CD2605B5F6009A5C5F /* Info.plist */,
			);
			path = Workouts;
			sourceTree = "<group>";
		};
		0AC4F6742606B77E00486276 /* Fonts */ = {
			isa = PBXGroup;
			children = (
				0A9A08A42607588200CDDC78 /* freefontsfamily.com.txt */,
				0A9A08B12607588400CDDC78 /* Gotham-Black.otf */,
				0A9A08AD2607588300CDDC78 /* Gotham-Bold.otf */,
				0A9A08AF2607588400CDDC78 /* Gotham-BookItalic.otf */,
				0A9A08AA2607588300CDDC78 /* Gotham-Light.otf */,
				0A9A08A32607588200CDDC78 /* Gotham-Thin.otf */,
				0A9A08A82607588300CDDC78 /* Gotham-ThinItalic.otf */,
				0A9A08AC2607588300CDDC78 /* Gotham-UltraItalic.otf */,
				0A9A08B02607588400CDDC78 /* Gotham-XLight.otf */,
				0A9A08A52607588200CDDC78 /* Gotham-XLightItalic.otf */,
				0A9A08AB2607588300CDDC78 /* GothamBold.ttf */,
				0A9A08A62607588200CDDC78 /* GothamBoldItalic.ttf */,
				0A9A08A72607588300CDDC78 /* GothamBook.ttf */,
				0A9A08B32607588500CDDC78 /* GothamBookItalic.ttf */,
				0A9A08A12607588200CDDC78 /* GothamLight.ttf */,
				0A9A08AE2607588400CDDC78 /* GothamLightItalic.ttf */,
				0A9A08A92607588300CDDC78 /* GothamMedium_1.ttf */,
				0A9A08B22607588400CDDC78 /* GothamMedium.ttf */,
				0A9A08A22607588200CDDC78 /* GothamMediumItalic.ttf */,
			);
			path = Fonts;
			sourceTree = "<group>";
		};
		0ADBFB5B2605E10B008DAA62 /* Controllers */ = {
			isa = PBXGroup;
			children = (
				0ADBFB582605E101008DAA62 /* InfoViewController.swift */,
				0AC4F66B2605EA9F00486276 /* SelectViewController.swift */,
				0AC4F66E26067B2200486276 /* Select2ViewController.swift */,
				0AC4F67126067DC600486276 /* LoginViewController.swift */,
				0A7154C32605B5F3009A5C5F /* ViewController.swift */,
				0ABAD33F2607612E00F5CCFA /* StatViewController.swift */,
				0A4D627E260754FC00723168 /* ARViewController.swift */,
			);
			path = Controllers;
			sourceTree = "<group>";
		};
/* End PBXGroup section */

/* Begin PBXNativeTarget section */
		0A7154BB2605B5F3009A5C5F /* Workouts */ = {
			isa = PBXNativeTarget;
			buildConfigurationList = 0A7154D02605B5F6009A5C5F /* Build configuration list for PBXNativeTarget "Workouts" */;
			buildPhases = (
				0A7154B82605B5F3009A5C5F /* Sources */,
				0A7154B92605B5F3009A5C5F /* Frameworks */,
				0A7154BA2605B5F3009A5C5F /* Resources */,
			);
			buildRules = (
			);
			dependencies = (
			);
			name = Workouts;
			productName = Workouts;
			productReference = 0A7154BC2605B5F3009A5C5F /* Workouts.app */;
			productType = "com.apple.product-type.application";
		};
/* End PBXNativeTarget section */

/* Begin PBXProject section */
		0A7154B42605B5F3009A5C5F /* Project object */ = {
			isa = PBXProject;
			attributes = {
				LastSwiftUpdateCheck = 1240;
				LastUpgradeCheck = 1240;
				TargetAttributes = {
					0A7154BB2605B5F3009A5C5F = {
						CreatedOnToolsVersion = 12.4;
					};
				};
			};
			buildConfigurationList = 0A7154B72605B5F3009A5C5F /* Build configuration list for PBXProject "Workouts" */;
			compatibilityVersion = "Xcode 9.3";
			developmentRegion = en;
			hasScannedForEncodings = 0;
			knownRegions = (
				en,
				Base,
			);
			mainGroup = 0A7154B32605B5F3009A5C5F;
			productRefGroup = 0A7154BD2605B5F3009A5C5F /* Products */;
			projectDirPath = "";
			projectRoot = "";
			targets = (
				0A7154BB2605B5F3009A5C5F /* Workouts */,
			);
		};
/* End PBXProject section */

/* Begin PBXResourcesBuildPhase section */
		0A7154BA2605B5F3009A5C5F /* Resources */ = {
			isa = PBXResourcesBuildPhase;
			buildActionMask = 2147483647;
			files = (
				0A9A08B72607588500CDDC78 /* freefontsfamily.com.txt in Resources */,
				0A9A08C42607588500CDDC78 /* Gotham-Black.otf in Resources */,
				0A9A08B92607588500CDDC78 /* GothamBoldItalic.ttf in Resources */,
				0AB6B3F526075AE1004BDE6E /* correct.wav in Resources */,
				0A7154CC2605B5F6009A5C5F /* LaunchScreen.storyboard in Resources */,
				0A9A08B62607588500CDDC78 /* Gotham-Thin.otf in Resources */,
				0A9A08B52607588500CDDC78 /* GothamMediumItalic.ttf in Resources */,
				0A9A08C9260758EF00CDDC78 /* robot.usdz in Resources */,
				0A7154C92605B5F6009A5C5F /* Assets.xcassets in Resources */,
				0A9A08B82607588500CDDC78 /* Gotham-XLightItalic.otf in Resources */,
				0A9A08BF2607588500CDDC78 /* Gotham-UltraItalic.otf in Resources */,
				0A9A08C32607588500CDDC78 /* Gotham-XLight.otf in Resources */,
				0A9A08C52607588500CDDC78 /* GothamMedium.ttf in Resources */,
				0A9A08BC2607588500CDDC78 /* GothamMedium_1.ttf in Resources */,
				0A9A08B42607588500CDDC78 /* GothamLight.ttf in Resources */,
				0A9A08BD2607588500CDDC78 /* Gotham-Light.otf in Resources */,
				0A9A08C62607588500CDDC78 /* GothamBookItalic.ttf in Resources */,
				0A9A08BE2607588500CDDC78 /* GothamBold.ttf in Resources */,
				0A9A08C12607588500CDDC78 /* GothamLightItalic.ttf in Resources */,
				0A9A08BA2607588500CDDC78 /* GothamBook.ttf in Resources */,
				0A9A08C22607588500CDDC78 /* Gotham-BookItalic.otf in Resources */,
				0A9A08BB2607588500CDDC78 /* Gotham-ThinItalic.otf in Resources */,
				0AB6B3F826075AF3004BDE6E /* wrong.wav in Resources */,
				0A9A08C02607588500CDDC78 /* Gotham-Bold.otf in Resources */,
				0A7154C72605B5F3009A5C5F /* Main.storyboard in Resources */,
			);
			runOnlyForDeploymentPostprocessing = 0;
		};
/* End PBXResourcesBuildPhase section */

/* Begin PBXSourcesBuildPhase section */
		0A7154B82605B5F3009A5C5F /* Sources */ = {
			isa = PBXSourcesBuildPhase;
			buildActionMask = 2147483647;
			files = (
				0AC4F67226067DC600486276 /* LoginViewController.swift in Sources */,
				0ABAD3402607612E00F5CCFA /* StatViewController.swift in Sources */,
				0AC4F66C2605EA9F00486276 /* SelectViewController.swift in Sources */,
				0AC4F66F26067B2200486276 /* Select2ViewController.swift in Sources */,
				0A4D627F260754FC00723168 /* ARViewController.swift in Sources */,
				0A7154C42605B5F3009A5C5F /* ViewController.swift in Sources */,
				0A7154C02605B5F3009A5C5F /* AppDelegate.swift in Sources */,
				0ADBFB592605E101008DAA62 /* InfoViewController.swift in Sources */,
				0A7154C22605B5F3009A5C5F /* SceneDelegate.swift in Sources */,
			);
			runOnlyForDeploymentPostprocessing = 0;
		};
/* End PBXSourcesBuildPhase section */

/* Begin PBXVariantGroup section */
		0A7154C52605B5F3009A5C5F /* Main.storyboard */ = {
			isa = PBXVariantGroup;
			children = (
				0A7154C62605B5F3009A5C5F /* Base */,
			);
			name = Main.storyboard;
			sourceTree = "<group>";
		};
		0A7154CA2605B5F6009A5C5F /* LaunchScreen.storyboard */ = {
			isa = PBXVariantGroup;
			children = (
				0A7154CB2605B5F6009A5C5F /* Base */,
			);
			name = LaunchScreen.storyboard;
			sourceTree = "<group>";
		};
/* End PBXVariantGroup section */

/* Begin XCBuildConfiguration section */
		0A7154CE2605B5F6009A5C5F /* Debug */ = {
			isa = XCBuildConfiguration;
			buildSettings = {
				ALWAYS_SEARCH_USER_PATHS = NO;
				CLANG_ANALYZER_NONNULL = YES;
				CLANG_ANALYZER_NUMBER_OBJECT_CONVERSION = YES_AGGRESSIVE;
				CLANG_CXX_LANGUAGE_STANDARD = "gnu++14";
				CLANG_CXX_LIBRARY = "libc++";
				CLANG_ENABLE_MODULES = YES;
				CLANG_ENABLE_OBJC_ARC = YES;
				CLANG_ENABLE_OBJC_WEAK = YES;
				CLANG_WARN_BLOCK_CAPTURE_AUTORELEASING = YES;
				CLANG_WARN_BOOL_CONVERSION = YES;
				CLANG_WARN_COMMA = YES;
				CLANG_WARN_CONSTANT_CONVERSION = YES;
				CLANG_WARN_DEPRECATED_OBJC_IMPLEMENTATIONS = YES;
				CLANG_WARN_DIRECT_OBJC_ISA_USAGE = YES_ERROR;
				CLANG_WARN_DOCUMENTATION_COMMENTS = YES;
				CLANG_WARN_EMPTY_BODY = YES;
				CLANG_WARN_ENUM_CONVERSION = YES;
				CLANG_WARN_INFINITE_RECURSION = YES;
				CLANG_WARN_INT_CONVERSION = YES;
				CLANG_WARN_NON_LITERAL_NULL_CONVERSION = YES;
				CLANG_WARN_OBJC_IMPLICIT_RETAIN_SELF = YES;
				CLANG_WARN_OBJC_LITERAL_CONVERSION = YES;
				CLANG_WARN_OBJC_ROOT_CLASS = YES_ERROR;
				CLANG_WARN_QUOTED_INCLUDE_IN_FRAMEWORK_HEADER = YES;
				CLANG_WARN_RANGE_LOOP_ANALYSIS = YES;
				CLANG_WARN_STRICT_PROTOTYPES = YES;
				CLANG_WARN_SUSPICIOUS_MOVE = YES;
				CLANG_WARN_UNGUARDED_AVAILABILITY = YES_AGGRESSIVE;
				CLANG_WARN_UNREACHABLE_CODE = YES;
				CLANG_WARN__DUPLICATE_METHOD_MATCH = YES;
				COPY_PHASE_STRIP = NO;
				DEBUG_INFORMATION_FORMAT = dwarf;
				ENABLE_STRICT_OBJC_MSGSEND = YES;
				ENABLE_TESTABILITY = YES;
				GCC_C_LANGUAGE_STANDARD = gnu11;
				GCC_DYNAMIC_NO_PIC = NO;
				GCC_NO_COMMON_BLOCKS = YES;
				GCC_OPTIMIZATION_LEVEL = 0;
				GCC_PREPROCESSOR_DEFINITIONS = (
					"DEBUG=1",
					"$(inherited)",
				);
				GCC_WARN_64_TO_32_BIT_CONVERSION = YES;
				GCC_WARN_ABOUT_RETURN_TYPE = YES_ERROR;
				GCC_WARN_UNDECLARED_SELECTOR = YES;
				GCC_WARN_UNINITIALIZED_AUTOS = YES_AGGRESSIVE;
				GCC_WARN_UNUSED_FUNCTION = YES;
				GCC_WARN_UNUSED_VARIABLE = YES;
				IPHONEOS_DEPLOYMENT_TARGET = 14.4;
				MTL_ENABLE_DEBUG_INFO = INCLUDE_SOURCE;
				MTL_FAST_MATH = YES;
				ONLY_ACTIVE_ARCH = YES;
				SDKROOT = iphoneos;
				SWIFT_ACTIVE_COMPILATION_CONDITIONS = DEBUG;
				SWIFT_OPTIMIZATION_LEVEL = "-Onone";
			};
			name = Debug;
		};
		0A7154CF2605B5F6009A5C5F /* Release */ = {
			isa = XCBuildConfiguration;
			buildSettings = {
				ALWAYS_SEARCH_USER_PATHS = NO;
				CLANG_ANALYZER_NONNULL = YES;
				CLANG_ANALYZER_NUMBER_OBJECT_CONVERSION = YES_AGGRESSIVE;
				CLANG_CXX_LANGUAGE_STANDARD = "gnu++14";
				CLANG_CXX_LIBRARY = "libc++";
				CLANG_ENABLE_MODULES = YES;
				CLANG_ENABLE_OBJC_ARC = YES;
				CLANG_ENABLE_OBJC_WEAK = YES;
				CLANG_WARN_BLOCK_CAPTURE_AUTORELEASING = YES;
				CLANG_WARN_BOOL_CONVERSION = YES;
				CLANG_WARN_COMMA = YES;
				CLANG_WARN_CONSTANT_CONVERSION = YES;
				CLANG_WARN_DEPRECATED_OBJC_IMPLEMENTATIONS = YES;
				CLANG_WARN_DIRECT_OBJC_ISA_USAGE = YES_ERROR;
				CLANG_WARN_DOCUMENTATION_COMMENTS = YES;
				CLANG_WARN_EMPTY_BODY = YES;
				CLANG_WARN_ENUM_CONVERSION = YES;
				CLANG_WARN_INFINITE_RECURSION = YES;
				CLANG_WARN_INT_CONVERSION = YES;
				CLANG_WARN_NON_LITERAL_NULL_CONVERSION = YES;
				CLANG_WARN_OBJC_IMPLICIT_RETAIN_SELF = YES;
				CLANG_WARN_OBJC_LITERAL_CONVERSION = YES;
				CLANG_WARN_OBJC_ROOT_CLASS = YES_ERROR;
				CLANG_WARN_QUOTED_INCLUDE_IN_FRAMEWORK_HEADER = YES;
				CLANG_WARN_RANGE_LOOP_ANALYSIS = YES;
				CLANG_WARN_STRICT_PROTOTYPES = YES;
				CLANG_WARN_SUSPICIOUS_MOVE = YES;
				CLANG_WARN_UNGUARDED_AVAILABILITY = YES_AGGRESSIVE;
				CLANG_WARN_UNREACHABLE_CODE = YES;
				CLANG_WARN__DUPLICATE_METHOD_MATCH = YES;
				COPY_PHASE_STRIP = NO;
				DEBUG_INFORMATION_FORMAT = "dwarf-with-dsym";
				ENABLE_NS_ASSERTIONS = NO;
				ENABLE_STRICT_OBJC_MSGSEND = YES;
				GCC_C_LANGUAGE_STANDARD = gnu11;
				GCC_NO_COMMON_BLOCKS = YES;
				GCC_WARN_64_TO_32_BIT_CONVERSION = YES;
				GCC_WARN_ABOUT_RETURN_TYPE = YES_ERROR;
				GCC_WARN_UNDECLARED_SELECTOR = YES;
				GCC_WARN_UNINITIALIZED_AUTOS = YES_AGGRESSIVE;
				GCC_WARN_UNUSED_FUNCTION = YES;
				GCC_WARN_UNUSED_VARIABLE = YES;
				IPHONEOS_DEPLOYMENT_TARGET = 14.4;
				MTL_ENABLE_DEBUG_INFO = NO;
				MTL_FAST_MATH = YES;
				SDKROOT = iphoneos;
				SWIFT_COMPILATION_MODE = wholemodule;
				SWIFT_OPTIMIZATION_LEVEL = "-O";
				VALIDATE_PRODUCT = YES;
			};
			name = Release;
		};
		0A7154D12605B5F6009A5C5F /* Debug */ = {
			isa = XCBuildConfiguration;
			buildSettings = {
				ASSETCATALOG_COMPILER_APPICON_NAME = AppIcon;
				ASSETCATALOG_COMPILER_GLOBAL_ACCENT_COLOR_NAME = AccentColor;
				CODE_SIGN_STYLE = Automatic;
				DEVELOPMENT_TEAM = SUFH874864;
				INFOPLIST_FILE = Workouts/Info.plist;
				IPHONEOS_DEPLOYMENT_TARGET = 13.0;
				LD_RUNPATH_SEARCH_PATHS = (
					"$(inherited)",
					"@executable_path/Frameworks",
				);
				PRODUCT_BUNDLE_IDENTIFIER = kevin.Workouts;
				PRODUCT_NAME = "$(TARGET_NAME)";
				SWIFT_VERSION = 5.0;
				TARGETED_DEVICE_FAMILY = "1,2";
			};
			name = Debug;
		};
		0A7154D22605B5F6009A5C5F /* Release */ = {
			isa = XCBuildConfiguration;
			buildSettings = {
				ASSETCATALOG_COMPILER_APPICON_NAME = AppIcon;
				ASSETCATALOG_COMPILER_GLOBAL_ACCENT_COLOR_NAME = AccentColor;
				CODE_SIGN_STYLE = Automatic;
				DEVELOPMENT_TEAM = SUFH874864;
				INFOPLIST_FILE = Workouts/Info.plist;
				IPHONEOS_DEPLOYMENT_TARGET = 13.0;
				LD_RUNPATH_SEARCH_PATHS = (
					"$(inherited)",
					"@executable_path/Frameworks",
				);
				PRODUCT_BUNDLE_IDENTIFIER = kevin.Workouts;
				PRODUCT_NAME = "$(TARGET_NAME)";
				SWIFT_VERSION = 5.0;
				TARGETED_DEVICE_FAMILY = "1,2";
			};
			name = Release;
		};
/* End XCBuildConfiguration section */

/* Begin XCConfigurationList section */
		0A7154B72605B5F3009A5C5F /* Build configuration list for PBXProject "Workouts" */ = {
			isa = XCConfigurationList;
			buildConfigurations = (
				0A7154CE2605B5F6009A5C5F /* Debug */,
				0A7154CF2605B5F6009A5C5F /* Release */,
			);
			defaultConfigurationIsVisible = 0;
			defaultConfigurationName = Release;
		};
		0A7154D02605B5F6009A5C5F /* Build configuration list for PBXNativeTarget "Workouts" */ = {
			isa = XCConfigurationList;
			buildConfigurations = (
				0A7154D12605B5F6009A5C5F /* Debug */,
				0A7154D22605B5F6009A5C5F /* Release */,
			);
			defaultConfigurationIsVisible = 0;
			defaultConfigurationName = Release;
		};
/* End XCConfigurationList section */
	};
	rootObject = 0A7154B42605B5F3009A5C5F /* Project object */;
}
